
Microsoft Visual Studio Solution File, Format Version 12.00
# Visual Studio 15
VisualStudioVersion = 15.0.27703.2000
MinimumVisualStudioVersion = 10.0.40219.1
Project("{9A19103F-16F7-4668-BE54-9A1E7A4F7556}") = "P01_URLDecode", "P01_URLDecode\P01_URLDecode.csproj", "{F9FD084E-88BE-46B1-BA4A-D14973493C84}"
EndProject
Project("{9A19103F-16F7-4668-BE54-9A1E7A4F7556}") = "P02_ValidateURL", "P02_ValidateURL\P02_ValidateURL.csproj", "{3CBEDF15-F82C-45B2-8B37-A5EA80FACDD1}"
EndProject
Project("{FAE04EC0-301F-11D3-BF4B-00C04F79EFBC}") = "P03_RequestParser", "P03_RequestParser\P03_RequestParser.csproj", "{EDB6C5A1-D46D-4C8E-A6E5-2BAE82879B96}"
EndProject
Global
	GlobalSection(SolutionConfigurationPlatforms) = preSolution
		Debug|Any CPU = Debug|Any CPU
		Release|Any CPU = Release|Any CPU
	EndGlobalSection
	GlobalSection(ProjectConfigurationPlatforms) = postSolution
		{F9FD084E-88BE-46B1-BA4A-D14973493C84}.Debug|Any CPU.ActiveCfg = Debug|Any CPU
		{F9FD084E-88BE-46B1-BA4A-D14973493C84}.Debug|Any CPU.Build.0 = Debug|Any CPU
		{F9FD084E-88BE-46B1-BA4A-D14973493C84}.Release|Any CPU.ActiveCfg = Release|Any CPU
		{F9FD084E-88BE-46B1-BA4A-D14973493C84}.Release|Any CPU.Build.0 = Release|Any CPU
		{3CBEDF15-F82C-45B2-8B37-A5EA80FACDD1}.Debug|Any CPU.ActiveCfg = Debug|Any CPU
		{3CBEDF15-F82C-45B2-8B37-A5EA80FACDD1}.Debug|Any CPU.Build.0 = Debug|Any CPU
		{3CBEDF15-F82C-45B2-8B37-A5EA80FACDD1}.Release|Any CPU.ActiveCfg = Release|Any CPU
		{3CBEDF15-F82C-45B2-8B37-A5EA80FACDD1}.Release|Any CPU.Build.0 = Release|Any CPU
		{EDB6C5A1-D46D-4C8E-A6E5-2BAE82879B96}.Debug|Any CPU.ActiveCfg = Debug|Any CPU
		{EDB6C5A1-D46D-4C8E-A6E5-2BAE82879B96}.Debug|Any CPU.Build.0 = Debug|Any CPU
		{EDB6C5A1-D46D-4C8E-A6E5-2BAE82879B96}.Release|Any CPU.ActiveCfg = Release|Any CPU
		{EDB6C5A1-D46D-4C8E-A6E5-2BAE82879B96}.Release|Any CPU.Build.0 = Release|Any CPU
	EndGlobalSection
	GlobalSection(SolutionProperties) = preSolution
		HideSolutionNode = FALSE
	EndGlobalSection
	GlobalSection(ExtensibilityGlobals) = postSolution
		SolutionGuid = {D449A5B2-5AAF-4C6E-899D-6BC6104811BE}
	EndGlobalSection
EndGlobal
